// !$*UTF8*$!
{
	archiveVersion = 1;
	classes = {
	};
	objectVersion = 50;
	objects = {

/* Begin PBXBuildFile section */
		BCDA9997234BBD3E009059EB /* AppDelegate.swift in Sources */ = {isa = PBXBuildFile; fileRef = BCDA9996234BBD3E009059EB /* AppDelegate.swift */; };
		BCDA9999234BBD3E009059EB /* ViewController.swift in Sources */ = {isa = PBXBuildFile; fileRef = BCDA9998234BBD3E009059EB /* ViewController.swift */; };
		BCDA999C234BBD3E009059EB /* Main.storyboard in Resources */ = {isa = PBXBuildFile; fileRef = BCDA999A234BBD3E009059EB /* Main.storyboard */; };
		BCDA999E234BBD40009059EB /* Assets.xcassets in Resources */ = {isa = PBXBuildFile; fileRef = BCDA999D234BBD40009059EB /* Assets.xcassets */; };
		BCDA99A1234BBD40009059EB /* LaunchScreen.storyboard in Resources */ = {isa = PBXBuildFile; fileRef = BCDA999F234BBD40009059EB /* LaunchScreen.storyboard */; };
		BCDA99A9234BC983009059EB /* CustomAnnotation.swift in Sources */ = {isa = PBXBuildFile; fileRef = BCDA99A8234BC983009059EB /* CustomAnnotation.swift */; };
/* End PBXBuildFile section */

/* Begin PBXFileReference section */
		BCDA9993234BBD3E009059EB /* annotations.app */ = {isa = PBXFileReference; explicitFileType = wrapper.application; includeInIndex = 0; path = annotations.app; sourceTree = BUILT_PRODUCTS_DIR; };
		BCDA9996234BBD3E009059EB /* AppDelegate.swift */ = {isa = PBXFileReference; lastKnownFileType = sourcecode.swift; path = AppDelegate.swift; sourceTree = "<group>"; };
		BCDA9998234BBD3E009059EB /* ViewController.swift */ = {isa = PBXFileReference; lastKnownFileType = sourcecode.swift; path = ViewController.swift; sourceTree = "<group>"; };
		BCDA999B234BBD3E009059EB /* Base */ = {isa = PBXFileReference; lastKnownFileType = file.storyboard; name = Base; path = Base.lproj/Main.storyboard; sourceTree = "<group>"; };
		BCDA999D234BBD40009059EB /* Assets.xcassets */ = {isa = PBXFileReference; lastKnownFileType = folder.assetcatalog; path = Assets.xcassets; sourceTree = "<group>"; };
		BCDA99A0234BBD40009059EB /* Base */ = {isa = PBXFileReference; lastKnownFileType = file.storyboard; name = Base; path = Base.lproj/LaunchScreen.storyboard; sourceTree = "<group>"; };
		BCDA99A2234BBD40009059EB /* Info.plist */ = {isa = PBXFileReference; lastKnownFileType = text.plist.xml; path = Info.plist; sourceTree = "<group>"; };
		BCDA99A8234BC983009059EB /* CustomAnnotation.swift */ = {isa = PBXFileReference; lastKnownFileType = sourcecode.swift; path = CustomAnnotation.swift; sourceTree = "<group>"; };
/* End PBXFileReference section */

/* Begin PBXFrameworksBuildPhase section */
		BCDA9990234BBD3E009059EB /* Frameworks */ = {
			isa = PBXFrameworksBuildPhase;
			buildActionMask = 2147483647;
			files = (
			);
			runOnlyForDeploymentPostprocessing = 0;
		};
/* End PBXFrameworksBuildPhase section */

/* Begin PBXGroup section */
		BCDA998A234BBD3E009059EB = {
			isa = PBXGroup;
			children = (
				BCDA9995234BBD3E009059EB /* annotations */,
				BCDA9994234BBD3E009059EB /* Products */,
			);
			sourceTree = "<group>";
		};
		BCDA9994234BBD3E009059EB /* Products */ = {
			isa = PBXGroup;
			children = (
				BCDA9993234BBD3E009059EB /* annotations.app */,
			);
			name = Products;
			sourceTree = "<group>";
		};
		BCDA9995234BBD3E009059EB /* annotations */ = {
			isa = PBXGroup;
			children = (
				BCDA9996234BBD3E009059EB /* AppDelegate.swift */,
				BCDA9998234BBD3E009059EB /* ViewController.swift */,
				BCDA999A234BBD3E009059EB /* Main.storyboard */,
				BCDA999D234BBD40009059EB /* Assets.xcassets */,
				BCDA999F234BBD40009059EB /* LaunchScreen.storyboard */,
				BCDA99A2234BBD40009059EB /* Info.plist */,
				BCDA99A8234BC983009059EB /* CustomAnnotation.swift */,
			);
			path = annotations;
			sourceTree = "<group>";
		};
/* End PBXGroup section */

/* Begin PBXNativeTarget section */
		BCDA9992234BBD3E009059EB /* annotations */ = {
			isa = PBXNativeTarget;
			buildConfigurationList = BCDA99A5234BBD40009059EB /* Build configuration list for PBXNativeTarget "annotations" */;
			buildPhases = (
				BCDA998F234BBD3E009059EB /* Sources */,
				BCDA9990234BBD3E009059EB /* Frameworks */,
				BCDA9991234BBD3E009059EB /* Resources */,
			);
			buildRules = (
			);
			dependencies = (
			);
			name = annotations;
			productName = annotations;
			productReference = BCDA9993234BBD3E009059EB /* annotations.app */;
			productType = "com.apple.product-type.application";
		};
/* End PBXNativeTarget section */

/* Begin PBXProject section */
		BCDA998B234BBD3E009059EB /* Project object */ = {
			isa = PBXProject;
			attributes = {
				LastSwiftUpdateCheck = 1030;
				LastUpgradeCheck = 1030;
				ORGANIZATIONNAME = ios;
				TargetAttributes = {
					BCDA9992234BBD3E009059EB = {
						CreatedOnToolsVersion = 10.3;
					};
				};
			};
			buildConfigurationList = BCDA998E234BBD3E009059EB /* Build configuration list for PBXProject "annotations" */;
			compatibilityVersion = "Xcode 9.3";
			developmentRegion = en;
			hasScannedForEncodings = 0;
			knownRegions = (
				en,
				Base,
			);
			mainGroup = BCDA998A234BBD3E009059EB;
			productRefGroup = BCDA9994234BBD3E009059EB /* Products */;
			projectDirPath = "";
			projectRoot = "";
			targets = (
				BCDA9992234BBD3E009059EB /* annotations */,
			);
		};
/* End PBXProject section */

/* Begin PBXResourcesBuildPhase section */
		BCDA9991234BBD3E009059EB /* Resources */ = {
			isa = PBXResourcesBuildPhase;
			buildActionMask = 2147483647;
			files = (
				BCDA99A1234BBD40009059EB /* LaunchScreen.storyboard in Resources */,
				BCDA999E234BBD40009059EB /* Assets.xcassets in Resources */,
				BCDA999C234BBD3E009059EB /* Main.storyboard in Resources */,
			);
			runOnlyForDeploymentPostprocessing = 0;
		};
/* End PBXResourcesBuildPhase section */

/* Begin PBXSourcesBuildPhase section */
		BCDA998F234BBD3E009059EB /* Sources */ = {
			isa = PBXSourcesBuildPhase;
			buildActionMask = 2147483647;
			files = (
				BCDA9999234BBD3E009059EB /* ViewController.swift in Sources */,
				BCDA9997234BBD3E009059EB /* AppDelegate.swift in Sources */,
				BCDA99A9234BC983009059EB /* CustomAnnotation.swift in Sources */,
			);
			runOnlyForDeploymentPostprocessing = 0;
		};
/* End PBXSourcesBuildPhase section */

/* Begin PBXVariantGroup section */
		BCDA999A234BBD3E009059EB /* Main.storyboard */ = {
			isa = PBXVariantGroup;
			children = (
				BCDA999B234BBD3E009059EB /* Base */,
			);
			name = Main.storyboard;
			sourceTree = "<group>";
		};
		BCDA999F234BBD40009059EB /* LaunchScreen.storyboard */ = {
			isa = PBXVariantGroup;
			children = (
				BCDA99A0234BBD40009059EB /* Base */,
			);
			name = LaunchScreen.storyboard;
			sourceTree = "<group>";
		};
/* End PBXVariantGroup section */

/* Begin XCBuildConfiguration section */
		BCDA99A3234BBD40009059EB /* Debug */ = {
			isa = XCBuildConfiguration;
			buildSettings = {
				ALWAYS_SEARCH_USER_PATHS = NO;
				CLANG_ANALYZER_NONNULL = YES;
				CLANG_ANALYZER_NUMBER_OBJECT_CONVERSION = YES_AGGRESSIVE;
				CLANG_CXX_LANGUAGE_STANDARD = "gnu++14";
				CLANG_CXX_LIBRARY = "libc++";
				CLANG_ENABLE_MODULES = YES;
				CLANG_ENABLE_OBJC_ARC = YES;
				CLANG_ENABLE_OBJC_WEAK = YES;
				CLANG_WARN_BLOCK_CAPTURE_AUTORELEASING = YES;
				CLANG_WARN_BOOL_CONVERSION = YES;
				CLANG_WARN_COMMA = YES;
				CLANG_WARN_CONSTANT_CONVERSION = YES;
				CLANG_WARN_DEPRECATED_OBJC_IMPLEMENTATIONS = YES;
				CLANG_WARN_DIRECT_OBJC_ISA_USAGE = YES_ERROR;
				CLANG_WARN_DOCUMENTATION_COMMENTS = YES;
				CLANG_WARN_EMPTY_BODY = YES;
				CLANG_WARN_ENUM_CONVERSION = YES;
				CLANG_WARN_INFINITE_RECURSION = YES;
				CLANG_WARN_INT_CONVERSION = YES;
				CLANG_WARN_NON_LITERAL_NULL_CONVERSION = YES;
				CLANG_WARN_OBJC_IMPLICIT_RETAIN_SELF = YES;
				CLANG_WARN_OBJC_LITERAL_CONVERSION = YES;
				CLANG_WARN_OBJC_ROOT_CLASS = YES_ERROR;
				CLANG_WARN_RANGE_LOOP_ANALYSIS = YES;
				CLANG_WARN_STRICT_PROTOTYPES = YES;
				CLANG_WARN_SUSPICIOUS_MOVE = YES;
				CLANG_WARN_UNGUARDED_AVAILABILITY = YES_AGGRESSIVE;
				CLANG_WARN_UNREACHABLE_CODE = YES;
				CLANG_WARN__DUPLICATE_METHOD_MATCH = YES;
				CODE_SIGN_IDENTITY = "iPhone Developer";
				COPY_PHASE_STRIP = NO;
				DEBUG_INFORMATION_FORMAT = dwarf;
				ENABLE_STRICT_OBJC_MSGSEND = YES;
				ENABLE_TESTABILITY = YES;
				GCC_C_LANGUAGE_STANDARD = gnu11;
				GCC_DYNAMIC_NO_PIC = NO;
				GCC_NO_COMMON_BLOCKS = YES;
				GCC_OPTIMIZATION_LEVEL = 0;
				GCC_PREPROCESSOR_DEFINITIONS = (
					"DEBUG=1",
					"$(inherited)",
				);
				GCC_WARN_64_TO_32_BIT_CONVERSION = YES;
				GCC_WARN_ABOUT_RETURN_TYPE = YES_ERROR;
				GCC_WARN_UNDECLARED_SELECTOR = YES;
				GCC_WARN_UNINITIALIZED_AUTOS = YES_AGGRESSIVE;
				GCC_WARN_UNUSED_FUNCTION = YES;
				GCC_WARN_UNUSED_VARIABLE = YES;
				IPHONEOS_DEPLOYMENT_TARGET = 12.4;
				MTL_ENABLE_DEBUG_INFO = INCLUDE_SOURCE;
				MTL_FAST_MATH = YES;
				ONLY_ACTIVE_ARCH = YES;
				SDKROOT = iphoneos;
				SWIFT_ACTIVE_COMPILATION_CONDITIONS = DEBUG;
				SWIFT_OPTIMIZATION_LEVEL = "-Onone";
			};
			name = Debug;
		};
		BCDA99A4234BBD40009059EB /* Release */ = {
			isa = XCBuildConfiguration;
			buildSettings = {
				ALWAYS_SEARCH_USER_PATHS = NO;
				CLANG_ANALYZER_NONNULL = YES;
				CLANG_ANALYZER_NUMBER_OBJECT_CONVERSION = YES_AGGRESSIVE;
				CLANG_CXX_LANGUAGE_STANDARD = "gnu++14";
				CLANG_CXX_LIBRARY = "libc++";
				CLANG_ENABLE_MODULES = YES;
				CLANG_ENABLE_OBJC_ARC = YES;
				CLANG_ENABLE_OBJC_WEAK = YES;
				CLANG_WARN_BLOCK_CAPTURE_AUTORELEASING = YES;
				CLANG_WARN_BOOL_CONVERSION = YES;
				CLANG_WARN_COMMA = YES;
				CLANG_WARN_CONSTANT_CONVERSION = YES;
				CLANG_WARN_DEPRECATED_OBJC_IMPLEMENTATIONS = YES;
				CLANG_WARN_DIRECT_OBJC_ISA_USAGE = YES_ERROR;
				CLANG_WARN_DOCUMENTATION_COMMENTS = YES;
				CLANG_WARN_EMPTY_BODY = YES;
				CLANG_WARN_ENUM_CONVERSION = YES;
				CLANG_WARN_INFINITE_RECURSION = YES;
				CLANG_WARN_INT_CONVERSION = YES;
				CLANG_WARN_NON_LITERAL_NULL_CONVERSION = YES;
				CLANG_WARN_OBJC_IMPLICIT_RETAIN_SELF = YES;
				CLANG_WARN_OBJC_LITERAL_CONVERSION = YES;
				CLANG_WARN_OBJC_ROOT_CLASS = YES_ERROR;
				CLANG_WARN_RANGE_LOOP_ANALYSIS = YES;
				CLANG_WARN_STRICT_PROTOTYPES = YES;
				CLANG_WARN_SUSPICIOUS_MOVE = YES;
				CLANG_WARN_UNGUARDED_AVAILABILITY = YES_AGGRESSIVE;
				CLANG_WARN_UNREACHABLE_CODE = YES;
				CLANG_WARN__DUPLICATE_METHOD_MATCH = YES;
				CODE_SIGN_IDENTITY = "iPhone Developer";
				COPY_PHASE_STRIP = NO;
				DEBUG_INFORMATION_FORMAT = "dwarf-with-dsym";
				ENABLE_NS_ASSERTIONS = NO;
				ENABLE_STRICT_OBJC_MSGSEND = YES;
				GCC_C_LANGUAGE_STANDARD = gnu11;
				GCC_NO_COMMON_BLOCKS = YES;
				GCC_WARN_64_TO_32_BIT_CONVERSION = YES;
				GCC_WARN_ABOUT_RETURN_TYPE = YES_ERROR;
				GCC_WARN_UNDECLARED_SELECTOR = YES;
				GCC_WARN_UNINITIALIZED_AUTOS = YES_AGGRESSIVE;
				GCC_WARN_UNUSED_FUNCTION = YES;
				GCC_WARN_UNUSED_VARIABLE = YES;
				IPHONEOS_DEPLOYMENT_TARGET = 12.4;
				MTL_ENABLE_DEBUG_INFO = NO;
				MTL_FAST_MATH = YES;
				SDKROOT = iphoneos;
				SWIFT_COMPILATION_MODE = wholemodule;
				SWIFT_OPTIMIZATION_LEVEL = "-O";
				VALIDATE_PRODUCT = YES;
			};
			name = Release;
		};
		BCDA99A6234BBD40009059EB /* Debug */ = {
			isa = XCBuildConfiguration;
			buildSettings = {
				ASSETCATALOG_COMPILER_APPICON_NAME = AppIcon;
				CODE_SIGN_STYLE = Automatic;
				INFOPLIST_FILE = annotations/Info.plist;
				LD_RUNPATH_SEARCH_PATHS = (
					"$(inherited)",
					"@executable_path/Frameworks",
				);
				PRODUCT_BUNDLE_IDENTIFIER = ioslab.annotations;
				PRODUCT_NAME = "$(TARGET_NAME)";
				SWIFT_VERSION = 5.0;
				TARGETED_DEVICE_FAMILY = "1,2";
			};
			name = Debug;
		};
		BCDA99A7234BBD40009059EB /* Release */ = {
			isa = XCBuildConfiguration;
			buildSettings = {
				ASSETCATALOG_COMPILER_APPICON_NAME = AppIcon;
				CODE_SIGN_STYLE = Automatic;
				INFOPLIST_FILE = annotations/Info.plist;
				LD_RUNPATH_SEARCH_PATHS = (
					"$(inherited)",
					"@executable_path/Frameworks",
				);
				PRODUCT_BUNDLE_IDENTIFIER = ioslab.annotations;
				PRODUCT_NAME = "$(TARGET_NAME)";
				SWIFT_VERSION = 5.0;
				TARGETED_DEVICE_FAMILY = "1,2";
			};
			name = Release;
		};
/* End XCBuildConfiguration section */

/* Begin XCConfigurationList section */
		BCDA998E234BBD3E009059EB /* Build configuration list for PBXProject "annotations" */ = {
			isa = XCConfigurationList;
			buildConfigurations = (
				BCDA99A3234BBD40009059EB /* Debug */,
				BCDA99A4234BBD40009059EB /* Release */,
			);
			defaultConfigurationIsVisible = 0;
			defaultConfigurationName = Release;
		};
		BCDA99A5234BBD40009059EB /* Build configuration list for PBXNativeTarget "annotations" */ = {
			isa = XCConfigurationList;
			buildConfigurations = (
				BCDA99A6234BBD40009059EB /* Debug */,
				BCDA99A7234BBD40009059EB /* Release */,
			);
			defaultConfigurationIsVisible = 0;
			defaultConfigurationName = Release;
		};
/* End XCConfigurationList section */
	};
	rootObject = BCDA998B234BBD3E009059EB /* Project object */;
}
